
Microsoft Visual Studio Solution File, Format Version 12.00
# Visual Studio Version 17
VisualStudioVersion = 17.8.34511.84
MinimumVisualStudioVersion = 10.0.40219.1
Project("{FAE04EC0-301F-11D3-BF4B-00C04F79EFBC}") = "ACTS", "ACTS.csproj", "{7AC87EED-B5CE-4DD0-8F75-71F5BAF4AC80}"
EndProject
Global
	GlobalSection(SolutionConfigurationPlatforms) = preSolution
		Debug|Any CPU = Debug|Any CPU
		Release|Any CPU = Release|Any CPU
	EndGlobalSection
	GlobalSection(ProjectConfigurationPlatforms) = postSolution
		{7AC87EED-B5CE-4DD0-8F75-71F5BAF4AC80}.Debug|Any CPU.ActiveCfg = Debug|Any CPU
		{7AC87EED-B5CE-4DD0-8F75-71F5BAF4AC80}.Debug|Any CPU.Build.0 = Debug|Any CPU
		{7AC87EED-B5CE-4DD0-8F75-71F5BAF4AC80}.Release|Any CPU.ActiveCfg = Release|Any CPU
		{7AC87EED-B5CE-4DD0-8F75-71F5BAF4AC80}.Release|Any CPU.Build.0 = Release|Any CPU
	EndGlobalSection
	GlobalSection(SolutionProperties) = preSolution
		HideSolutionNode = FALSE
	EndGlobalSection
	GlobalSection(ExtensibilityGlobals) = postSolution
		SolutionGuid = {A79DFA00-050D-490A-A353-D03455F5075E}
	EndGlobalSection
EndGlobal
